// !$*UTF8*$!
{
	archiveVersion = 1;
	classes = {
	};
	objectVersion = 50;
	objects = {

/* Begin PBXBuildFile section */
		563FF40C2661B0CB00EAF952 /* AppDelegate.swift in Sources */ = {isa = PBXBuildFile; fileRef = 563FF40B2661B0CB00EAF952 /* AppDelegate.swift */; };
		563FF40E2661B0CB00EAF952 /* SceneDelegate.swift in Sources */ = {isa = PBXBuildFile; fileRef = 563FF40D2661B0CB00EAF952 /* SceneDelegate.swift */; };
		563FF4102661B0CB00EAF952 /* ViewController.swift in Sources */ = {isa = PBXBuildFile; fileRef = 563FF40F2661B0CB00EAF952 /* ViewController.swift */; };
		563FF4132661B0CB00EAF952 /* Main.storyboard in Resources */ = {isa = PBXBuildFile; fileRef = 563FF4112661B0CB00EAF952 /* Main.storyboard */; };
		563FF4152661B0CC00EAF952 /* Assets.xcassets in Resources */ = {isa = PBXBuildFile; fileRef = 563FF4142661B0CC00EAF952 /* Assets.xcassets */; };
		563FF4182661B0CC00EAF952 /* LaunchScreen.storyboard in Resources */ = {isa = PBXBuildFile; fileRef = 563FF4162661B0CC00EAF952 /* LaunchScreen.storyboard */; };
/* End PBXBuildFile section */

/* Begin PBXFileReference section */
		563FF4082661B0CB00EAF952 /* AlgorithmsIIntroductiontoRecursion.app */ = {isa = PBXFileReference; explicitFileType = wrapper.application; includeInIndex = 0; path = AlgorithmsIIntroductiontoRecursion.app; sourceTree = BUILT_PRODUCTS_DIR; };
		563FF40B2661B0CB00EAF952 /* AppDelegate.swift */ = {isa = PBXFileReference; lastKnownFileType = sourcecode.swift; path = AppDelegate.swift; sourceTree = "<group>"; };
		563FF40D2661B0CB00EAF952 /* SceneDelegate.swift */ = {isa = PBXFileReference; lastKnownFileType = sourcecode.swift; path = SceneDelegate.swift; sourceTree = "<group>"; };
		563FF40F2661B0CB00EAF952 /* ViewController.swift */ = {isa = PBXFileReference; lastKnownFileType = sourcecode.swift; path = ViewController.swift; sourceTree = "<group>"; };
		563FF4122661B0CB00EAF952 /* Base */ = {isa = PBXFileReference; lastKnownFileType = file.storyboard; name = Base; path = Base.lproj/Main.storyboard; sourceTree = "<group>"; };
		563FF4142661B0CC00EAF952 /* Assets.xcassets */ = {isa = PBXFileReference; lastKnownFileType = folder.assetcatalog; path = Assets.xcassets; sourceTree = "<group>"; };
		563FF4172661B0CC00EAF952 /* Base */ = {isa = PBXFileReference; lastKnownFileType = file.storyboard; name = Base; path = Base.lproj/LaunchScreen.storyboard; sourceTree = "<group>"; };
		563FF4192661B0CC00EAF952 /* Info.plist */ = {isa = PBXFileReference; lastKnownFileType = text.plist.xml; path = Info.plist; sourceTree = "<group>"; };
/* End PBXFileReference section */

/* Begin PBXFrameworksBuildPhase section */
		563FF4052661B0CB00EAF952 /* Frameworks */ = {
			isa = PBXFrameworksBuildPhase;
			buildActionMask = 2147483647;
			files = (
			);
			runOnlyForDeploymentPostprocessing = 0;
		};
/* End PBXFrameworksBuildPhase section */

/* Begin PBXGroup section */
		563FF3FF2661B0CB00EAF952 = {
			isa = PBXGroup;
			children = (
				563FF40A2661B0CB00EAF952 /* AlgorithmsIIntroductiontoRecursion */,
				563FF4092661B0CB00EAF952 /* Products */,
			);
			sourceTree = "<group>";
		};
		563FF4092661B0CB00EAF952 /* Products */ = {
			isa = PBXGroup;
			children = (
				563FF4082661B0CB00EAF952 /* AlgorithmsIIntroductiontoRecursion.app */,
			);
			name = Products;
			sourceTree = "<group>";
		};
		563FF40A2661B0CB00EAF952 /* AlgorithmsIIntroductiontoRecursion */ = {
			isa = PBXGroup;
			children = (
				563FF40B2661B0CB00EAF952 /* AppDelegate.swift */,
				563FF40D2661B0CB00EAF952 /* SceneDelegate.swift */,
				563FF40F2661B0CB00EAF952 /* ViewController.swift */,
				563FF4112661B0CB00EAF952 /* Main.storyboard */,
				563FF4142661B0CC00EAF952 /* Assets.xcassets */,
				563FF4162661B0CC00EAF952 /* LaunchScreen.storyboard */,
				563FF4192661B0CC00EAF952 /* Info.plist */,
			);
			path = AlgorithmsIIntroductiontoRecursion;
			sourceTree = "<group>";
		};
/* End PBXGroup section */

/* Begin PBXNativeTarget section */
		563FF4072661B0CB00EAF952 /* AlgorithmsIIntroductiontoRecursion */ = {
			isa = PBXNativeTarget;
			buildConfigurationList = 563FF41C2661B0CC00EAF952 /* Build configuration list for PBXNativeTarget "AlgorithmsIIntroductiontoRecursion" */;
			buildPhases = (
				563FF4042661B0CB00EAF952 /* Sources */,
				563FF4052661B0CB00EAF952 /* Frameworks */,
				563FF4062661B0CB00EAF952 /* Resources */,
			);
			buildRules = (
			);
			dependencies = (
			);
			name = AlgorithmsIIntroductiontoRecursion;
			productName = AlgorithmsIIntroductiontoRecursion;
			productReference = 563FF4082661B0CB00EAF952 /* AlgorithmsIIntroductiontoRecursion.app */;
			productType = "com.apple.product-type.application";
		};
/* End PBXNativeTarget section */

/* Begin PBXProject section */
		563FF4002661B0CB00EAF952 /* Project object */ = {
			isa = PBXProject;
			attributes = {
				LastSwiftUpdateCheck = 1240;
				LastUpgradeCheck = 1240;
				TargetAttributes = {
					563FF4072661B0CB00EAF952 = {
						CreatedOnToolsVersion = 12.4;
					};
				};
			};
			buildConfigurationList = 563FF4032661B0CB00EAF952 /* Build configuration list for PBXProject "AlgorithmsIIntroductiontoRecursion" */;
			compatibilityVersion = "Xcode 9.3";
			developmentRegion = en;
			hasScannedForEncodings = 0;
			knownRegions = (
				en,
				Base,
			);
			mainGroup = 563FF3FF2661B0CB00EAF952;
			productRefGroup = 563FF4092661B0CB00EAF952 /* Products */;
			projectDirPath = "";
			projectRoot = "";
			targets = (
				563FF4072661B0CB00EAF952 /* AlgorithmsIIntroductiontoRecursion */,
			);
		};
/* End PBXProject section */

/* Begin PBXResourcesBuildPhase section */
		563FF4062661B0CB00EAF952 /* Resources */ = {
			isa = PBXResourcesBuildPhase;
			buildActionMask = 2147483647;
			files = (
				563FF4182661B0CC00EAF952 /* LaunchScreen.storyboard in Resources */,
				563FF4152661B0CC00EAF952 /* Assets.xcassets in Resources */,
				563FF4132661B0CB00EAF952 /* Main.storyboard in Resources */,
			);
			runOnlyForDeploymentPostprocessing = 0;
		};
/* End PBXResourcesBuildPhase section */

/* Begin PBXSourcesBuildPhase section */
		563FF4042661B0CB00EAF952 /* Sources */ = {
			isa = PBXSourcesBuildPhase;
			buildActionMask = 2147483647;
			files = (
				563FF4102661B0CB00EAF952 /* ViewController.swift in Sources */,
				563FF40C2661B0CB00EAF952 /* AppDelegate.swift in Sources */,
				563FF40E2661B0CB00EAF952 /* SceneDelegate.swift in Sources */,
			);
			runOnlyForDeploymentPostprocessing = 0;
		};
/* End PBXSourcesBuildPhase section */

/* Begin PBXVariantGroup section */
		563FF4112661B0CB00EAF952 /* Main.storyboard */ = {
			isa = PBXVariantGroup;
			children = (
				563FF4122661B0CB00EAF952 /* Base */,
			);
			name = Main.storyboard;
			sourceTree = "<group>";
		};
		563FF4162661B0CC00EAF952 /* LaunchScreen.storyboard */ = {
			isa = PBXVariantGroup;
			children = (
				563FF4172661B0CC00EAF952 /* Base */,
			);
			name = LaunchScreen.storyboard;
			sourceTree = "<group>";
		};
/* End PBXVariantGroup section */

/* Begin XCBuildConfiguration section */
		563FF41A2661B0CC00EAF952 /* Debug */ = {
			isa = XCBuildConfiguration;
			buildSettings = {
				ALWAYS_SEARCH_USER_PATHS = NO;
				CLANG_ANALYZER_NONNULL = YES;
				CLANG_ANALYZER_NUMBER_OBJECT_CONVERSION = YES_AGGRESSIVE;
				CLANG_CXX_LANGUAGE_STANDARD = "gnu++14";
				CLANG_CXX_LIBRARY = "libc++";
				CLANG_ENABLE_MODULES = YES;
				CLANG_ENABLE_OBJC_ARC = YES;
				CLANG_ENABLE_OBJC_WEAK = YES;
				CLANG_WARN_BLOCK_CAPTURE_AUTORELEASING = YES;
				CLANG_WARN_BOOL_CONVERSION = YES;
				CLANG_WARN_COMMA = YES;
				CLANG_WARN_CONSTANT_CONVERSION = YES;
				CLANG_WARN_DEPRECATED_OBJC_IMPLEMENTATIONS = YES;
				CLANG_WARN_DIRECT_OBJC_ISA_USAGE = YES_ERROR;
				CLANG_WARN_DOCUMENTATION_COMMENTS = YES;
				CLANG_WARN_EMPTY_BODY = YES;
				CLANG_WARN_ENUM_CONVERSION = YES;
				CLANG_WARN_INFINITE_RECURSION = YES;
				CLANG_WARN_INT_CONVERSION = YES;
				CLANG_WARN_NON_LITERAL_NULL_CONVERSION = YES;
				CLANG_WARN_OBJC_IMPLICIT_RETAIN_SELF = YES;
				CLANG_WARN_OBJC_LITERAL_CONVERSION = YES;
				CLANG_WARN_OBJC_ROOT_CLASS = YES_ERROR;
				CLANG_WARN_QUOTED_INCLUDE_IN_FRAMEWORK_HEADER = YES;
				CLANG_WARN_RANGE_LOOP_ANALYSIS = YES;
				CLANG_WARN_STRICT_PROTOTYPES = YES;
				CLANG_WARN_SUSPICIOUS_MOVE = YES;
				CLANG_WARN_UNGUARDED_AVAILABILITY = YES_AGGRESSIVE;
				CLANG_WARN_UNREACHABLE_CODE = YES;
				CLANG_WARN__DUPLICATE_METHOD_MATCH = YES;
				COPY_PHASE_STRIP = NO;
				DEBUG_INFORMATION_FORMAT = dwarf;
				ENABLE_STRICT_OBJC_MSGSEND = YES;
				ENABLE_TESTABILITY = YES;
				GCC_C_LANGUAGE_STANDARD = gnu11;
				GCC_DYNAMIC_NO_PIC = NO;
				GCC_NO_COMMON_BLOCKS = YES;
				GCC_OPTIMIZATION_LEVEL = 0;
				GCC_PREPROCESSOR_DEFINITIONS = (
					"DEBUG=1",
					"$(inherited)",
				);
				GCC_WARN_64_TO_32_BIT_CONVERSION = YES;
				GCC_WARN_ABOUT_RETURN_TYPE = YES_ERROR;
				GCC_WARN_UNDECLARED_SELECTOR = YES;
				GCC_WARN_UNINITIALIZED_AUTOS = YES_AGGRESSIVE;
				GCC_WARN_UNUSED_FUNCTION = YES;
				GCC_WARN_UNUSED_VARIABLE = YES;
				IPHONEOS_DEPLOYMENT_TARGET = 14.4;
				MTL_ENABLE_DEBUG_INFO = INCLUDE_SOURCE;
				MTL_FAST_MATH = YES;
				ONLY_ACTIVE_ARCH = YES;
				SDKROOT = iphoneos;
				SWIFT_ACTIVE_COMPILATION_CONDITIONS = DEBUG;
				SWIFT_OPTIMIZATION_LEVEL = "-Onone";
			};
			name = Debug;
		};
		563FF41B2661B0CC00EAF952 /* Release */ = {
			isa = XCBuildConfiguration;
			buildSettings = {
				ALWAYS_SEARCH_USER_PATHS = NO;
				CLANG_ANALYZER_NONNULL = YES;
				CLANG_ANALYZER_NUMBER_OBJECT_CONVERSION = YES_AGGRESSIVE;
				CLANG_CXX_LANGUAGE_STANDARD = "gnu++14";
				CLANG_CXX_LIBRARY = "libc++";
				CLANG_ENABLE_MODULES = YES;
				CLANG_ENABLE_OBJC_ARC = YES;
				CLANG_ENABLE_OBJC_WEAK = YES;
				CLANG_WARN_BLOCK_CAPTURE_AUTORELEASING = YES;
				CLANG_WARN_BOOL_CONVERSION = YES;
				CLANG_WARN_COMMA = YES;
				CLANG_WARN_CONSTANT_CONVERSION = YES;
				CLANG_WARN_DEPRECATED_OBJC_IMPLEMENTATIONS = YES;
				CLANG_WARN_DIRECT_OBJC_ISA_USAGE = YES_ERROR;
				CLANG_WARN_DOCUMENTATION_COMMENTS = YES;
				CLANG_WARN_EMPTY_BODY = YES;
				CLANG_WARN_ENUM_CONVERSION = YES;
				CLANG_WARN_INFINITE_RECURSION = YES;
				CLANG_WARN_INT_CONVERSION = YES;
				CLANG_WARN_NON_LITERAL_NULL_CONVERSION = YES;
				CLANG_WARN_OBJC_IMPLICIT_RETAIN_SELF = YES;
				CLANG_WARN_OBJC_LITERAL_CONVERSION = YES;
				CLANG_WARN_OBJC_ROOT_CLASS = YES_ERROR;
				CLANG_WARN_QUOTED_INCLUDE_IN_FRAMEWORK_HEADER = YES;
				CLANG_WARN_RANGE_LOOP_ANALYSIS = YES;
				CLANG_WARN_STRICT_PROTOTYPES = YES;
				CLANG_WARN_SUSPICIOUS_MOVE = YES;
				CLANG_WARN_UNGUARDED_AVAILABILITY = YES_AGGRESSIVE;
				CLANG_WARN_UNREACHABLE_CODE = YES;
				CLANG_WARN__DUPLICATE_METHOD_MATCH = YES;
				COPY_PHASE_STRIP = NO;
				DEBUG_INFORMATION_FORMAT = "dwarf-with-dsym";
				ENABLE_NS_ASSERTIONS = NO;
				ENABLE_STRICT_OBJC_MSGSEND = YES;
				GCC_C_LANGUAGE_STANDARD = gnu11;
				GCC_NO_COMMON_BLOCKS = YES;
				GCC_WARN_64_TO_32_BIT_CONVERSION = YES;
				GCC_WARN_ABOUT_RETURN_TYPE = YES_ERROR;
				GCC_WARN_UNDECLARED_SELECTOR = YES;
				GCC_WARN_UNINITIALIZED_AUTOS = YES_AGGRESSIVE;
				GCC_WARN_UNUSED_FUNCTION = YES;
				GCC_WARN_UNUSED_VARIABLE = YES;
				IPHONEOS_DEPLOYMENT_TARGET = 14.4;
				MTL_ENABLE_DEBUG_INFO = NO;
				MTL_FAST_MATH = YES;
				SDKROOT = iphoneos;
				SWIFT_COMPILATION_MODE = wholemodule;
				SWIFT_OPTIMIZATION_LEVEL = "-O";
				VALIDATE_PRODUCT = YES;
			};
			name = Release;
		};
		563FF41D2661B0CC00EAF952 /* Debug */ = {
			isa = XCBuildConfiguration;
			buildSettings = {
				ASSETCATALOG_COMPILER_APPICON_NAME = AppIcon;
				ASSETCATALOG_COMPILER_GLOBAL_ACCENT_COLOR_NAME = AccentColor;
				CODE_SIGN_STYLE = Automatic;
				INFOPLIST_FILE = AlgorithmsIIntroductiontoRecursion/Info.plist;
				LD_RUNPATH_SEARCH_PATHS = (
					"$(inherited)",
					"@executable_path/Frameworks",
				);
				PRODUCT_BUNDLE_IDENTIFIER = DanielIgnacio.AlgorithmsIIntroductiontoRecursion;
				PRODUCT_NAME = "$(TARGET_NAME)";
				SWIFT_VERSION = 5.0;
				TARGETED_DEVICE_FAMILY = "1,2";
			};
			name = Debug;
		};
		563FF41E2661B0CC00EAF952 /* Release */ = {
			isa = XCBuildConfiguration;
			buildSettings = {
				ASSETCATALOG_COMPILER_APPICON_NAME = AppIcon;
				ASSETCATALOG_COMPILER_GLOBAL_ACCENT_COLOR_NAME = AccentColor;
				CODE_SIGN_STYLE = Automatic;
				INFOPLIST_FILE = AlgorithmsIIntroductiontoRecursion/Info.plist;
				LD_RUNPATH_SEARCH_PATHS = (
					"$(inherited)",
					"@executable_path/Frameworks",
				);
				PRODUCT_BUNDLE_IDENTIFIER = DanielIgnacio.AlgorithmsIIntroductiontoRecursion;
				PRODUCT_NAME = "$(TARGET_NAME)";
				SWIFT_VERSION = 5.0;
				TARGETED_DEVICE_FAMILY = "1,2";
			};
			name = Release;
		};
/* End XCBuildConfiguration section */

/* Begin XCConfigurationList section */
		563FF4032661B0CB00EAF952 /* Build configuration list for PBXProject "AlgorithmsIIntroductiontoRecursion" */ = {
			isa = XCConfigurationList;
			buildConfigurations = (
				563FF41A2661B0CC00EAF952 /* Debug */,
				563FF41B2661B0CC00EAF952 /* Release */,
			);
			defaultConfigurationIsVisible = 0;
			defaultConfigurationName = Release;
		};
		563FF41C2661B0CC00EAF952 /* Build configuration list for PBXNativeTarget "AlgorithmsIIntroductiontoRecursion" */ = {
			isa = XCConfigurationList;
			buildConfigurations = (
				563FF41D2661B0CC00EAF952 /* Debug */,
				563FF41E2661B0CC00EAF952 /* Release */,
			);
			defaultConfigurationIsVisible = 0;
			defaultConfigurationName = Release;
		};
/* End XCConfigurationList section */
	};
	rootObject = 563FF4002661B0CB00EAF952 /* Project object */;
}
